
Microsoft Visual Studio Solution File, Format Version 12.00
# Visual Studio 15
VisualStudioVersion = 15.0.26228.4
MinimumVisualStudioVersion = 10.0.40219.1
Project("{FAE04EC0-301F-11D3-BF4B-00C04F79EFBC}") = "JobOpenings", "JobOpenings\JobOpenings.csproj", "{17B5D17C-CE54-4874-9629-C4E3D3FC9D51}"
EndProject
Project("{FAE04EC0-301F-11D3-BF4B-00C04F79EFBC}") = "JobOpeningClient", "JobOpeningClient\JobOpeningClient.csproj", "{0DA24CCF-603A-48A8-9851-A88313BED3DF}"
	ProjectSection(ProjectDependencies) = postProject
		{17B5D17C-CE54-4874-9629-C4E3D3FC9D51} = {17B5D17C-CE54-4874-9629-C4E3D3FC9D51}
	EndProjectSection
EndProject
Global
	GlobalSection(SolutionConfigurationPlatforms) = preSolution
		Debug|Any CPU = Debug|Any CPU
		Release|Any CPU = Release|Any CPU
	EndGlobalSection
	GlobalSection(ProjectConfigurationPlatforms) = postSolution
		{17B5D17C-CE54-4874-9629-C4E3D3FC9D51}.Debug|Any CPU.ActiveCfg = Debug|Any CPU
		{17B5D17C-CE54-4874-9629-C4E3D3FC9D51}.Debug|Any CPU.Build.0 = Debug|Any CPU
		{17B5D17C-CE54-4874-9629-C4E3D3FC9D51}.Release|Any CPU.ActiveCfg = Release|Any CPU
		{17B5D17C-CE54-4874-9629-C4E3D3FC9D51}.Release|Any CPU.Build.0 = Release|Any CPU
		{0DA24CCF-603A-48A8-9851-A88313BED3DF}.Debug|Any CPU.ActiveCfg = Debug|Any CPU
		{0DA24CCF-603A-48A8-9851-A88313BED3DF}.Debug|Any CPU.Build.0 = Debug|Any CPU
		{0DA24CCF-603A-48A8-9851-A88313BED3DF}.Release|Any CPU.ActiveCfg = Release|Any CPU
		{0DA24CCF-603A-48A8-9851-A88313BED3DF}.Release|Any CPU.Build.0 = Release|Any CPU
	EndGlobalSection
	GlobalSection(SolutionProperties) = preSolution
		HideSolutionNode = FALSE
	EndGlobalSection
EndGlobal
