
Microsoft Visual Studio Solution File, Format Version 12.00
# Visual Studio 15
VisualStudioVersion = 15.0.26228.4
MinimumVisualStudioVersion = 10.0.40219.1
Project("{FAE04EC0-301F-11D3-BF4B-00C04F79EFBC}") = "Task1SelfHost", "Task1SelfHost\Task1SelfHost.csproj", "{C16D0970-19B5-4957-A98D-558C6CFEC208}"
EndProject
Project("{FAE04EC0-301F-11D3-BF4B-00C04F79EFBC}") = "Task1MVCClient", "Task1MVCClient\Task1MVCClient.csproj", "{CA8363D5-6FCC-49BF-9B5F-77CDEA93733D}"
	ProjectSection(ProjectDependencies) = postProject
		{F345E194-4CC9-4219-B48C-C92F121F3207} = {F345E194-4CC9-4219-B48C-C92F121F3207}
	EndProjectSection
EndProject
Project("{FAE04EC0-301F-11D3-BF4B-00C04F79EFBC}") = "Task1ServiceLib", "Task1ServiceLib\Task1ServiceLib.csproj", "{F345E194-4CC9-4219-B48C-C92F121F3207}"
EndProject
Global
	GlobalSection(SolutionConfigurationPlatforms) = preSolution
		Debug|Any CPU = Debug|Any CPU
		Release|Any CPU = Release|Any CPU
	EndGlobalSection
	GlobalSection(ProjectConfigurationPlatforms) = postSolution
		{C16D0970-19B5-4957-A98D-558C6CFEC208}.Debug|Any CPU.ActiveCfg = Debug|Any CPU
		{C16D0970-19B5-4957-A98D-558C6CFEC208}.Debug|Any CPU.Build.0 = Debug|Any CPU
		{C16D0970-19B5-4957-A98D-558C6CFEC208}.Release|Any CPU.ActiveCfg = Release|Any CPU
		{C16D0970-19B5-4957-A98D-558C6CFEC208}.Release|Any CPU.Build.0 = Release|Any CPU
		{CA8363D5-6FCC-49BF-9B5F-77CDEA93733D}.Debug|Any CPU.ActiveCfg = Debug|Any CPU
		{CA8363D5-6FCC-49BF-9B5F-77CDEA93733D}.Debug|Any CPU.Build.0 = Debug|Any CPU
		{CA8363D5-6FCC-49BF-9B5F-77CDEA93733D}.Release|Any CPU.ActiveCfg = Release|Any CPU
		{CA8363D5-6FCC-49BF-9B5F-77CDEA93733D}.Release|Any CPU.Build.0 = Release|Any CPU
		{F345E194-4CC9-4219-B48C-C92F121F3207}.Debug|Any CPU.ActiveCfg = Debug|Any CPU
		{F345E194-4CC9-4219-B48C-C92F121F3207}.Debug|Any CPU.Build.0 = Debug|Any CPU
		{F345E194-4CC9-4219-B48C-C92F121F3207}.Release|Any CPU.ActiveCfg = Release|Any CPU
		{F345E194-4CC9-4219-B48C-C92F121F3207}.Release|Any CPU.Build.0 = Release|Any CPU
	EndGlobalSection
	GlobalSection(SolutionProperties) = preSolution
		HideSolutionNode = FALSE
	EndGlobalSection
EndGlobal
